
Microsoft Visual Studio Solution File, Format Version 12.00
# Visual Studio Version 17
VisualStudioVersion = 17.9.34728.123
MinimumVisualStudioVersion = 10.0.40219.1
Project("{FAE04EC0-301F-11D3-BF4B-00C04F79EFBC}") = "covid19-api", "covid19-api\covid19-api.csproj", "{3E39E96B-E803-47CA-A107-B30D34E93BD9}"
EndProject
Global
	GlobalSection(SolutionConfigurationPlatforms) = preSolution
		Debug|Any CPU = Debug|Any CPU
		Release|Any CPU = Release|Any CPU
	EndGlobalSection
	GlobalSection(ProjectConfigurationPlatforms) = postSolution
		{3E39E96B-E803-47CA-A107-B30D34E93BD9}.Debug|Any CPU.ActiveCfg = Debug|Any CPU
		{3E39E96B-E803-47CA-A107-B30D34E93BD9}.Debug|Any CPU.Build.0 = Debug|Any CPU
		{3E39E96B-E803-47CA-A107-B30D34E93BD9}.Release|Any CPU.ActiveCfg = Release|Any CPU
		{3E39E96B-E803-47CA-A107-B30D34E93BD9}.Release|Any CPU.Build.0 = Release|Any CPU
	EndGlobalSection
	GlobalSection(SolutionProperties) = preSolution
		HideSolutionNode = FALSE
	EndGlobalSection
	GlobalSection(ExtensibilityGlobals) = postSolution
		SolutionGuid = {992D9BD4-84C1-4280-9F03-AB976E9C9F86}
	EndGlobalSection
EndGlobal
